
Microsoft Visual Studio Solution File, Format Version 12.00
# Visual Studio Version 17
VisualStudioVersion = 17.3.32929.385
MinimumVisualStudioVersion = 10.0.40219.1
Project("{FAE04EC0-301F-11D3-BF4B-00C04F79EFBC}") = "navigation sidebar", "navigation sidebar\navigation sidebar.csproj", "{3779A46B-8610-4787-8753-93204332D505}"
EndProject
Global
	GlobalSection(SolutionConfigurationPlatforms) = preSolution
		Debug|Any CPU = Debug|Any CPU
		Release|Any CPU = Release|Any CPU
	EndGlobalSection
	GlobalSection(ProjectConfigurationPlatforms) = postSolution
		{3779A46B-8610-4787-8753-93204332D505}.Debug|Any CPU.ActiveCfg = Debug|Any CPU
		{3779A46B-8610-4787-8753-93204332D505}.Debug|Any CPU.Build.0 = Debug|Any CPU
		{3779A46B-8610-4787-8753-93204332D505}.Release|Any CPU.ActiveCfg = Release|Any CPU
		{3779A46B-8610-4787-8753-93204332D505}.Release|Any CPU.Build.0 = Release|Any CPU
	EndGlobalSection
	GlobalSection(SolutionProperties) = preSolution
		HideSolutionNode = FALSE
	EndGlobalSection
	GlobalSection(ExtensibilityGlobals) = postSolution
		SolutionGuid = {9910045C-4CB9-4DAE-A5A5-AC6AFD0C3D5A}
	EndGlobalSection
EndGlobal
